
Microsoft Visual Studio Solution File, Format Version 12.00
# Visual Studio 15
VisualStudioVersion = 15.0.27130.2010
MinimumVisualStudioVersion = 10.0.40219.1
Project("{FAE04EC0-301F-11D3-BF4B-00C04F79EFBC}") = "WpfApplication1", "WpfApplication1\WpfApplication1.csproj", "{6B5F03A6-A9C8-4809-A03A-49473139248F}"
EndProject
Project("{FAE04EC0-301F-11D3-BF4B-00C04F79EFBC}") = "LivetWPFApplication1", "LivetWPFApplication1\LivetWPFApplication1.csproj", "{CB3D9104-8270-4E48-9513-D44F7F76C50E}"
EndProject
Project("{FAE04EC0-301F-11D3-BF4B-00C04F79EFBC}") = "MahAppsMetro", "MahAppsMetro\MahAppsMetro.csproj", "{3AEE5838-58F0-417C-9AF8-D906E6875E4D}"
EndProject
Project("{FAE04EC0-301F-11D3-BF4B-00C04F79EFBC}") = "MaterialDesign", "MaterialDesign\MaterialDesign.csproj", "{E622C326-D2D3-443C-AC1E-3B1261E2B8DA}"
EndProject
Project("{FAE04EC0-301F-11D3-BF4B-00C04F79EFBC}") = "ScreenTransition", "ScreenTransition\ScreenTransition.csproj", "{1987B556-6392-45D7-B5F2-B3DEB32176BD}"
EndProject
Global
	GlobalSection(SolutionConfigurationPlatforms) = preSolution
		Debug|Any CPU = Debug|Any CPU
		Debug|x86 = Debug|x86
		Release|Any CPU = Release|Any CPU
		Release|x86 = Release|x86
	EndGlobalSection
	GlobalSection(ProjectConfigurationPlatforms) = postSolution
		{6B5F03A6-A9C8-4809-A03A-49473139248F}.Debug|Any CPU.ActiveCfg = Debug|Any CPU
		{6B5F03A6-A9C8-4809-A03A-49473139248F}.Debug|Any CPU.Build.0 = Debug|Any CPU
		{6B5F03A6-A9C8-4809-A03A-49473139248F}.Debug|x86.ActiveCfg = Debug|Any CPU
		{6B5F03A6-A9C8-4809-A03A-49473139248F}.Debug|x86.Build.0 = Debug|Any CPU
		{6B5F03A6-A9C8-4809-A03A-49473139248F}.Release|Any CPU.ActiveCfg = Release|Any CPU
		{6B5F03A6-A9C8-4809-A03A-49473139248F}.Release|Any CPU.Build.0 = Release|Any CPU
		{6B5F03A6-A9C8-4809-A03A-49473139248F}.Release|x86.ActiveCfg = Release|Any CPU
		{6B5F03A6-A9C8-4809-A03A-49473139248F}.Release|x86.Build.0 = Release|Any CPU
		{CB3D9104-8270-4E48-9513-D44F7F76C50E}.Debug|Any CPU.ActiveCfg = Debug|x86
		{CB3D9104-8270-4E48-9513-D44F7F76C50E}.Debug|Any CPU.Build.0 = Debug|x86
		{CB3D9104-8270-4E48-9513-D44F7F76C50E}.Debug|x86.ActiveCfg = Debug|x86
		{CB3D9104-8270-4E48-9513-D44F7F76C50E}.Debug|x86.Build.0 = Debug|x86
		{CB3D9104-8270-4E48-9513-D44F7F76C50E}.Release|Any CPU.ActiveCfg = Release|x86
		{CB3D9104-8270-4E48-9513-D44F7F76C50E}.Release|x86.ActiveCfg = Release|x86
		{CB3D9104-8270-4E48-9513-D44F7F76C50E}.Release|x86.Build.0 = Release|x86
		{3AEE5838-58F0-417C-9AF8-D906E6875E4D}.Debug|Any CPU.ActiveCfg = Debug|Any CPU
		{3AEE5838-58F0-417C-9AF8-D906E6875E4D}.Debug|Any CPU.Build.0 = Debug|Any CPU
		{3AEE5838-58F0-417C-9AF8-D906E6875E4D}.Debug|x86.ActiveCfg = Debug|Any CPU
		{3AEE5838-58F0-417C-9AF8-D906E6875E4D}.Debug|x86.Build.0 = Debug|Any CPU
		{3AEE5838-58F0-417C-9AF8-D906E6875E4D}.Release|Any CPU.ActiveCfg = Release|Any CPU
		{3AEE5838-58F0-417C-9AF8-D906E6875E4D}.Release|Any CPU.Build.0 = Release|Any CPU
		{3AEE5838-58F0-417C-9AF8-D906E6875E4D}.Release|x86.ActiveCfg = Release|Any CPU
		{3AEE5838-58F0-417C-9AF8-D906E6875E4D}.Release|x86.Build.0 = Release|Any CPU
		{E622C326-D2D3-443C-AC1E-3B1261E2B8DA}.Debug|Any CPU.ActiveCfg = Debug|Any CPU
		{E622C326-D2D3-443C-AC1E-3B1261E2B8DA}.Debug|Any CPU.Build.0 = Debug|Any CPU
		{E622C326-D2D3-443C-AC1E-3B1261E2B8DA}.Debug|x86.ActiveCfg = Debug|Any CPU
		{E622C326-D2D3-443C-AC1E-3B1261E2B8DA}.Debug|x86.Build.0 = Debug|Any CPU
		{E622C326-D2D3-443C-AC1E-3B1261E2B8DA}.Release|Any CPU.ActiveCfg = Release|Any CPU
		{E622C326-D2D3-443C-AC1E-3B1261E2B8DA}.Release|Any CPU.Build.0 = Release|Any CPU
		{E622C326-D2D3-443C-AC1E-3B1261E2B8DA}.Release|x86.ActiveCfg = Release|Any CPU
		{E622C326-D2D3-443C-AC1E-3B1261E2B8DA}.Release|x86.Build.0 = Release|Any CPU
		{1987B556-6392-45D7-B5F2-B3DEB32176BD}.Debug|Any CPU.ActiveCfg = Debug|Any CPU
		{1987B556-6392-45D7-B5F2-B3DEB32176BD}.Debug|Any CPU.Build.0 = Debug|Any CPU
		{1987B556-6392-45D7-B5F2-B3DEB32176BD}.Debug|x86.ActiveCfg = Debug|Any CPU
		{1987B556-6392-45D7-B5F2-B3DEB32176BD}.Debug|x86.Build.0 = Debug|Any CPU
		{1987B556-6392-45D7-B5F2-B3DEB32176BD}.Release|Any CPU.ActiveCfg = Release|Any CPU
		{1987B556-6392-45D7-B5F2-B3DEB32176BD}.Release|Any CPU.Build.0 = Release|Any CPU
		{1987B556-6392-45D7-B5F2-B3DEB32176BD}.Release|x86.ActiveCfg = Release|Any CPU
		{1987B556-6392-45D7-B5F2-B3DEB32176BD}.Release|x86.Build.0 = Release|Any CPU
	EndGlobalSection
	GlobalSection(SolutionProperties) = preSolution
		HideSolutionNode = FALSE
	EndGlobalSection
	GlobalSection(ExtensibilityGlobals) = postSolution
		SolutionGuid = {31ABA571-7C91-4376-AAC3-9D2A36D66D24}
	EndGlobalSection
EndGlobal
